
Microsoft Visual Studio Solution File, Format Version 12.00
# Visual Studio Version 16
VisualStudioVersion = 16.0.28803.202
MinimumVisualStudioVersion = 10.0.40219.1
Project("{9092AA53-FB77-4645-B42D-1CCCA6BD08BD}") = "DataProjection", "DataProjection.njsproj", "{584F3BC9-756F-4BFC-9B88-0A88C654A05C}"
EndProject
Global
	GlobalSection(SolutionConfigurationPlatforms) = preSolution
		Debug|Any CPU = Debug|Any CPU
		Release|Any CPU = Release|Any CPU
	EndGlobalSection
	GlobalSection(ProjectConfigurationPlatforms) = postSolution
		{584F3BC9-756F-4BFC-9B88-0A88C654A05C}.Debug|Any CPU.ActiveCfg = Debug|Any CPU
		{584F3BC9-756F-4BFC-9B88-0A88C654A05C}.Debug|Any CPU.Build.0 = Debug|Any CPU
		{584F3BC9-756F-4BFC-9B88-0A88C654A05C}.Release|Any CPU.ActiveCfg = Release|Any CPU
		{584F3BC9-756F-4BFC-9B88-0A88C654A05C}.Release|Any CPU.Build.0 = Release|Any CPU
	EndGlobalSection
	GlobalSection(SolutionProperties) = preSolution
		HideSolutionNode = FALSE
	EndGlobalSection
	GlobalSection(ExtensibilityGlobals) = postSolution
		SolutionGuid = {A6CADB44-8F01-44FC-A823-4EC92E959667}
	EndGlobalSection
EndGlobal
